
Microsoft Visual Studio Solution File, Format Version 12.00
# Visual Studio Version 17
VisualStudioVersion = 17.14.36414.22 d17.14
MinimumVisualStudioVersion = 10.0.40219.1
Project("{FAE04EC0-301F-11D3-BF4B-00C04F79EFBC}") = "DashboardApp", "DashboardApp.csproj", "{BE76E651-6A4D-4AC2-BC6C-9877C25666D3}"
EndProject
Global
	GlobalSection(SolutionConfigurationPlatforms) = preSolution
		Debug|Any CPU = Debug|Any CPU
		Debug|x64 = Debug|x64
		Release|Any CPU = Release|Any CPU
		Release|x64 = Release|x64
	EndGlobalSection
	GlobalSection(ProjectConfigurationPlatforms) = postSolution
		{BE76E651-6A4D-4AC2-BC6C-9877C25666D3}.Debug|Any CPU.ActiveCfg = Debug|Any CPU
		{BE76E651-6A4D-4AC2-BC6C-9877C25666D3}.Debug|Any CPU.Build.0 = Debug|Any CPU
		{BE76E651-6A4D-4AC2-BC6C-9877C25666D3}.Debug|x64.ActiveCfg = Debug|x64
		{BE76E651-6A4D-4AC2-BC6C-9877C25666D3}.Debug|x64.Build.0 = Debug|x64
		{BE76E651-6A4D-4AC2-BC6C-9877C25666D3}.Release|Any CPU.ActiveCfg = Release|Any CPU
		{BE76E651-6A4D-4AC2-BC6C-9877C25666D3}.Release|Any CPU.Build.0 = Release|Any CPU
		{BE76E651-6A4D-4AC2-BC6C-9877C25666D3}.Release|x64.ActiveCfg = Release|x64
		{BE76E651-6A4D-4AC2-BC6C-9877C25666D3}.Release|x64.Build.0 = Release|x64
	EndGlobalSection
	GlobalSection(SolutionProperties) = preSolution
		HideSolutionNode = FALSE
	EndGlobalSection
	GlobalSection(ExtensibilityGlobals) = postSolution
		SolutionGuid = {BB18B6D7-3925-4E65-B6B6-54E5689BDCA2}
	EndGlobalSection
EndGlobal
